// !$*UTF8*$!
{
	archiveVersion = 1;
	classes = {
	};
	objectVersion = 46;
	objects = {

/* Begin PBXBuildFile section */
		1D3623260D0F684500981E51 /* pomodoraAppDelegate.m in Sources */ = {isa = PBXBuildFile; fileRef = 1D3623250D0F684500981E51 /* pomodoraAppDelegate.m */; };
		1D60589B0D05DD56006BFB54 /* main.m in Sources */ = {isa = PBXBuildFile; fileRef = 29B97316FDCFA39411CA2CEA /* main.m */; };
		1D60589F0D05DD5A006BFB54 /* Foundation.framework in Frameworks */ = {isa = PBXBuildFile; fileRef = 1D30AB110D05D00D00671497 /* Foundation.framework */; };
		1DF5F4E00D08C38300B7A737 /* UIKit.framework in Frameworks */ = {isa = PBXBuildFile; fileRef = 1DF5F4DF0D08C38300B7A737 /* UIKit.framework */; };
		280E754D0DD40C5E005A515E /* FlipsideView.xib in Resources */ = {isa = PBXBuildFile; fileRef = 280E754A0DD40C5E005A515E /* FlipsideView.xib */; };
		280E754F0DD40C5E005A515E /* MainWindow.xib in Resources */ = {isa = PBXBuildFile; fileRef = 280E754C0DD40C5E005A515E /* MainWindow.xib */; };
		28193033112F806B00ECF9B4 /* pomodora.xcdatamodeld in Sources */ = {isa = PBXBuildFile; fileRef = 28193032112F806B00ECF9B4 /* pomodora.xcdatamodeld */; };
		286736F912F6A03300B7864A /* pomodoro.jpg in Resources */ = {isa = PBXBuildFile; fileRef = 286736F812F6A03300B7864A /* pomodoro.jpg */; };
		2880DEA310926BF800CC57B2 /* CoreData.framework in Frameworks */ = {isa = PBXBuildFile; fileRef = 2880DEA210926BF800CC57B2 /* CoreData.framework */; };
		288765590DF743DE002DB57D /* CoreGraphics.framework in Frameworks */ = {isa = PBXBuildFile; fileRef = 288765580DF743DE002DB57D /* CoreGraphics.framework */; };
		289233AE0DB2D0DB0083E9F9 /* PomodoroViewController.m in Sources */ = {isa = PBXBuildFile; fileRef = 289233A90DB2D0DB0083E9F9 /* PomodoroViewController.m */; };
		289233B00DB2D0DB0083E9F9 /* FlipsideViewController.m in Sources */ = {isa = PBXBuildFile; fileRef = 289233AD0DB2D0DB0083E9F9 /* FlipsideViewController.m */; };
		848E4C35132DB9DB00DE2FBE /* GoalsListTableViewController.m in Sources */ = {isa = PBXBuildFile; fileRef = 848E4C34132DB9DB00DE2FBE /* GoalsListTableViewController.m */; };
		848E4C46132DDFFC00DE2FBE /* GoalAddViewController.m in Sources */ = {isa = PBXBuildFile; fileRef = 848E4C44132DDFFB00DE2FBE /* GoalAddViewController.m */; };
		848E4C47132DDFFC00DE2FBE /* GoalAddView.xib in Resources */ = {isa = PBXBuildFile; fileRef = 848E4C45132DDFFB00DE2FBE /* GoalAddView.xib */; };
		848E4C55132DEF4500DE2FBE /* GoalDetailViewController.m in Sources */ = {isa = PBXBuildFile; fileRef = 848E4C53132DEF4300DE2FBE /* GoalDetailViewController.m */; };
		848E4C56132DEF4500DE2FBE /* GoalDetailHeaderView.xib in Resources */ = {isa = PBXBuildFile; fileRef = 848E4C54132DEF4400DE2FBE /* GoalDetailHeaderView.xib */; };
		848E4C63132DF9E100DE2FBE /* GoalTableViewCell.m in Sources */ = {isa = PBXBuildFile; fileRef = 848E4C62132DF9E100DE2FBE /* GoalTableViewCell.m */; };
		848E4C791334912A00DE2FBE /* PomodoroContentController.m in Sources */ = {isa = PBXBuildFile; fileRef = 848E4C781334911A00DE2FBE /* PomodoroContentController.m */; };
		848E4C7B13349A5200DE2FBE /* PomodoroContentView.xib in Resources */ = {isa = PBXBuildFile; fileRef = 848E4C7A13349A4F00DE2FBE /* PomodoroContentView.xib */; };
		849A4C36130A67E5001CF8D9 /* drips.png in Resources */ = {isa = PBXBuildFile; fileRef = 849A4C29130A67E5001CF8D9 /* drips.png */; };
		849A4C37130A67E5001CF8D9 /* flat.png in Resources */ = {isa = PBXBuildFile; fileRef = 849A4C2A130A67E5001CF8D9 /* flat.png */; };
		849A4C38130A67E5001CF8D9 /* carrot.png in Resources */ = {isa = PBXBuildFile; fileRef = 849A4C2B130A67E5001CF8D9 /* carrot.png */; };
		849A4C39130A67E5001CF8D9 /* onion.png in Resources */ = {isa = PBXBuildFile; fileRef = 849A4C2C130A67E5001CF8D9 /* onion.png */; };
		849A4C3A130A67E5001CF8D9 /* sprout.png in Resources */ = {isa = PBXBuildFile; fileRef = 849A4C2D130A67E5001CF8D9 /* sprout.png */; };
		849A4C3B130A67E5001CF8D9 /* radish.png in Resources */ = {isa = PBXBuildFile; fileRef = 849A4C2E130A67E5001CF8D9 /* radish.png */; };
		849A4C3C130A67E5001CF8D9 /* ucarrot.png in Resources */ = {isa = PBXBuildFile; fileRef = 849A4C2F130A67E5001CF8D9 /* ucarrot.png */; };
		849A4C3D130A67E5001CF8D9 /* uradish.png in Resources */ = {isa = PBXBuildFile; fileRef = 849A4C30130A67E5001CF8D9 /* uradish.png */; };
		849A4C3E130A67E5001CF8D9 /* usprout.png in Resources */ = {isa = PBXBuildFile; fileRef = 849A4C31130A67E5001CF8D9 /* usprout.png */; };
		849A4C3F130A67E5001CF8D9 /* uonion.png in Resources */ = {isa = PBXBuildFile; fileRef = 849A4C32130A67E5001CF8D9 /* uonion.png */; };
		849A4C41130A67E5001CF8D9 /* lcd.png in Resources */ = {isa = PBXBuildFile; fileRef = 849A4C34130A67E5001CF8D9 /* lcd.png */; };
		849A4C42130A67E5001CF8D9 /* WheelCover.png in Resources */ = {isa = PBXBuildFile; fileRef = 849A4C35130A67E5001CF8D9 /* WheelCover.png */; };
		849A4C4D130A6A20001CF8D9 /* PomodoroTimerView.m in Sources */ = {isa = PBXBuildFile; fileRef = 849A4C4C130A6A20001CF8D9 /* PomodoroTimerView.m */; };
		84B23ECE13231694009916A4 /* Goal.m in Sources */ = {isa = PBXBuildFile; fileRef = 84B23ECD13231694009916A4 /* Goal.m */; };
		84C9EE2013081F470044677E /* CalendarHelper.m in Sources */ = {isa = PBXBuildFile; fileRef = 84C9EE1F13081F470044677E /* CalendarHelper.m */; };
		84D3A1D3130235D80001C5CA /* User.m in Sources */ = {isa = PBXBuildFile; fileRef = 84D3A1CD130235D80001C5CA /* User.m */; };
		84D3A1D4130235D80001C5CA /* Pomodoro.m in Sources */ = {isa = PBXBuildFile; fileRef = 84D3A1CF130235D80001C5CA /* Pomodoro.m */; };
		84D3A1D5130235D80001C5CA /* Event.m in Sources */ = {isa = PBXBuildFile; fileRef = 84D3A1D1130235D80001C5CA /* Event.m */; };
		84EAFDE613367754005DF14C /* PomodorosPageView.m in Sources */ = {isa = PBXBuildFile; fileRef = 84EAFDE41336774D005DF14C /* PomodorosPageView.m */; };
		84EAFDE713367754005DF14C /* PomodorosPageView.xib in Resources */ = {isa = PBXBuildFile; fileRef = 84EAFDE513367750005DF14C /* PomodorosPageView.xib */; };
/* End PBXBuildFile section */

/* Begin PBXFileReference section */
		1D30AB110D05D00D00671497 /* Foundation.framework */ = {isa = PBXFileReference; lastKnownFileType = wrapper.framework; name = Foundation.framework; path = System/Library/Frameworks/Foundation.framework; sourceTree = SDKROOT; };
		1D3623240D0F684500981E51 /* pomodoraAppDelegate.h */ = {isa = PBXFileReference; fileEncoding = 4; lastKnownFileType = sourcecode.c.h; name = pomodoraAppDelegate.h; path = Classes/pomodoraAppDelegate.h; sourceTree = "<group>"; };
		1D3623250D0F684500981E51 /* pomodoraAppDelegate.m */ = {isa = PBXFileReference; fileEncoding = 4; lastKnownFileType = sourcecode.c.objc; name = pomodoraAppDelegate.m; path = Classes/pomodoraAppDelegate.m; sourceTree = "<group>"; };
		1D6058910D05DD3D006BFB54 /* pomodora.app */ = {isa = PBXFileReference; explicitFileType = wrapper.application; includeInIndex = 0; path = pomodora.app; sourceTree = BUILT_PRODUCTS_DIR; };
		1DF5F4DF0D08C38300B7A737 /* UIKit.framework */ = {isa = PBXFileReference; lastKnownFileType = wrapper.framework; name = UIKit.framework; path = System/Library/Frameworks/UIKit.framework; sourceTree = SDKROOT; };
		280E754A0DD40C5E005A515E /* FlipsideView.xib */ = {isa = PBXFileReference; lastKnownFileType = file.xib; path = FlipsideView.xib; sourceTree = "<group>"; };
		280E754C0DD40C5E005A515E /* MainWindow.xib */ = {isa = PBXFileReference; lastKnownFileType = file.xib; path = MainWindow.xib; sourceTree = "<group>"; };
		286736F812F6A03300B7864A /* pomodoro.jpg */ = {isa = PBXFileReference; lastKnownFileType = image.jpeg; path = pomodoro.jpg; sourceTree = "<group>"; };
		2880DEA010926BE500CC57B2 /* pomodora.xcdatamodel */ = {isa = PBXFileReference; fileEncoding = 4; lastKnownFileType = wrapper.xcdatamodel; path = pomodora.xcdatamodel; sourceTree = "<group>"; };
		2880DEA210926BF800CC57B2 /* CoreData.framework */ = {isa = PBXFileReference; lastKnownFileType = wrapper.framework; name = CoreData.framework; path = System/Library/Frameworks/CoreData.framework; sourceTree = SDKROOT; };
		288765580DF743DE002DB57D /* CoreGraphics.framework */ = {isa = PBXFileReference; lastKnownFileType = wrapper.framework; name = CoreGraphics.framework; path = System/Library/Frameworks/CoreGraphics.framework; sourceTree = SDKROOT; };
		289233A80DB2D0DB0083E9F9 /* PomodoroViewController.h */ = {isa = PBXFileReference; fileEncoding = 4; lastKnownFileType = sourcecode.c.h; name = PomodoroViewController.h; path = Classes/PomodoroViewController.h; sourceTree = "<group>"; };
		289233A90DB2D0DB0083E9F9 /* PomodoroViewController.m */ = {isa = PBXFileReference; fileEncoding = 4; lastKnownFileType = sourcecode.c.objc; name = PomodoroViewController.m; path = Classes/PomodoroViewController.m; sourceTree = "<group>"; };
		289233AC0DB2D0DB0083E9F9 /* FlipsideViewController.h */ = {isa = PBXFileReference; fileEncoding = 4; lastKnownFileType = sourcecode.c.h; name = FlipsideViewController.h; path = Classes/FlipsideViewController.h; sourceTree = "<group>"; };
		289233AD0DB2D0DB0083E9F9 /* FlipsideViewController.m */ = {isa = PBXFileReference; fileEncoding = 4; lastKnownFileType = sourcecode.c.objc; name = FlipsideViewController.m; path = Classes/FlipsideViewController.m; sourceTree = "<group>"; };
		29B97316FDCFA39411CA2CEA /* main.m */ = {isa = PBXFileReference; fileEncoding = 4; lastKnownFileType = sourcecode.c.objc; path = main.m; sourceTree = "<group>"; };
		32CA4F630368D1EE00C91783 /* pomodora_Prefix.pch */ = {isa = PBXFileReference; fileEncoding = 4; lastKnownFileType = sourcecode.c.h; path = pomodora_Prefix.pch; sourceTree = "<group>"; };
		848E4C33132DB9DB00DE2FBE /* GoalsListTableViewController.h */ = {isa = PBXFileReference; fileEncoding = 4; lastKnownFileType = sourcecode.c.h; path = GoalsListTableViewController.h; sourceTree = "<group>"; };
		848E4C34132DB9DB00DE2FBE /* GoalsListTableViewController.m */ = {isa = PBXFileReference; fileEncoding = 4; lastKnownFileType = sourcecode.c.objc; path = GoalsListTableViewController.m; sourceTree = "<group>"; };
		848E4C43132DDFFB00DE2FBE /* GoalAddViewController.h */ = {isa = PBXFileReference; fileEncoding = 4; lastKnownFileType = sourcecode.c.h; path = GoalAddViewController.h; sourceTree = "<group>"; };
		848E4C44132DDFFB00DE2FBE /* GoalAddViewController.m */ = {isa = PBXFileReference; fileEncoding = 4; lastKnownFileType = sourcecode.c.objc; path = GoalAddViewController.m; sourceTree = "<group>"; };
		848E4C45132DDFFB00DE2FBE /* GoalAddView.xib */ = {isa = PBXFileReference; fileEncoding = 4; lastKnownFileType = file.xib; path = GoalAddView.xib; sourceTree = "<group>"; };
		848E4C52132DEF4200DE2FBE /* GoalDetailViewController.h */ = {isa = PBXFileReference; fileEncoding = 4; lastKnownFileType = sourcecode.c.h; path = GoalDetailViewController.h; sourceTree = "<group>"; };
		848E4C53132DEF4300DE2FBE /* GoalDetailViewController.m */ = {isa = PBXFileReference; fileEncoding = 4; lastKnownFileType = sourcecode.c.objc; path = GoalDetailViewController.m; sourceTree = "<group>"; };
		848E4C54132DEF4400DE2FBE /* GoalDetailHeaderView.xib */ = {isa = PBXFileReference; fileEncoding = 4; lastKnownFileType = file.xib; path = GoalDetailHeaderView.xib; sourceTree = "<group>"; };
		848E4C61132DF9E100DE2FBE /* GoalTableViewCell.h */ = {isa = PBXFileReference; fileEncoding = 4; lastKnownFileType = sourcecode.c.h; path = GoalTableViewCell.h; sourceTree = "<group>"; };
		848E4C62132DF9E100DE2FBE /* GoalTableViewCell.m */ = {isa = PBXFileReference; fileEncoding = 4; lastKnownFileType = sourcecode.c.objc; path = GoalTableViewCell.m; sourceTree = "<group>"; };
		848E4C771334911500DE2FBE /* PomodoroContentController.h */ = {isa = PBXFileReference; fileEncoding = 4; lastKnownFileType = sourcecode.c.h; path = PomodoroContentController.h; sourceTree = "<group>"; };
		848E4C781334911A00DE2FBE /* PomodoroContentController.m */ = {isa = PBXFileReference; fileEncoding = 4; lastKnownFileType = sourcecode.c.objc; path = PomodoroContentController.m; sourceTree = "<group>"; };
		848E4C7A13349A4F00DE2FBE /* PomodoroContentView.xib */ = {isa = PBXFileReference; fileEncoding = 4; lastKnownFileType = file.xib; path = PomodoroContentView.xib; sourceTree = "<group>"; };
		849A4C29130A67E5001CF8D9 /* drips.png */ = {isa = PBXFileReference; lastKnownFileType = image.png; path = drips.png; sourceTree = "<group>"; };
		849A4C2A130A67E5001CF8D9 /* flat.png */ = {isa = PBXFileReference; lastKnownFileType = image.png; path = flat.png; sourceTree = "<group>"; };
		849A4C2B130A67E5001CF8D9 /* carrot.png */ = {isa = PBXFileReference; lastKnownFileType = image.png; path = carrot.png; sourceTree = "<group>"; };
		849A4C2C130A67E5001CF8D9 /* onion.png */ = {isa = PBXFileReference; lastKnownFileType = image.png; path = onion.png; sourceTree = "<group>"; };
		849A4C2D130A67E5001CF8D9 /* sprout.png */ = {isa = PBXFileReference; lastKnownFileType = image.png; path = sprout.png; sourceTree = "<group>"; };
		849A4C2E130A67E5001CF8D9 /* radish.png */ = {isa = PBXFileReference; lastKnownFileType = image.png; path = radish.png; sourceTree = "<group>"; };
		849A4C2F130A67E5001CF8D9 /* ucarrot.png */ = {isa = PBXFileReference; lastKnownFileType = image.png; path = ucarrot.png; sourceTree = "<group>"; };
		849A4C30130A67E5001CF8D9 /* uradish.png */ = {isa = PBXFileReference; lastKnownFileType = image.png; path = uradish.png; sourceTree = "<group>"; };
		849A4C31130A67E5001CF8D9 /* usprout.png */ = {isa = PBXFileReference; lastKnownFileType = image.png; path = usprout.png; sourceTree = "<group>"; };
		849A4C32130A67E5001CF8D9 /* uonion.png */ = {isa = PBXFileReference; lastKnownFileType = image.png; path = uonion.png; sourceTree = "<group>"; };
		849A4C34130A67E5001CF8D9 /* lcd.png */ = {isa = PBXFileReference; lastKnownFileType = image.png; path = lcd.png; sourceTree = "<group>"; };
		849A4C35130A67E5001CF8D9 /* WheelCover.png */ = {isa = PBXFileReference; lastKnownFileType = image.png; path = WheelCover.png; sourceTree = "<group>"; };
		849A4C4B130A6A20001CF8D9 /* PomodoroTimerView.h */ = {isa = PBXFileReference; fileEncoding = 4; lastKnownFileType = sourcecode.c.h; path = PomodoroTimerView.h; sourceTree = "<group>"; };
		849A4C4C130A6A20001CF8D9 /* PomodoroTimerView.m */ = {isa = PBXFileReference; fileEncoding = 4; lastKnownFileType = sourcecode.c.objc; path = PomodoroTimerView.m; sourceTree = "<group>"; };
		84B23ECC13231694009916A4 /* Goal.h */ = {isa = PBXFileReference; fileEncoding = 4; lastKnownFileType = sourcecode.c.h; path = Goal.h; sourceTree = "<group>"; };
		84B23ECD13231694009916A4 /* Goal.m */ = {isa = PBXFileReference; fileEncoding = 4; lastKnownFileType = sourcecode.c.objc; path = Goal.m; sourceTree = "<group>"; };
		84C9ED291306D71A0044677E /* UnitTest.octest */ = {isa = PBXFileReference; explicitFileType = wrapper.cfbundle; includeInIndex = 0; path = UnitTest.octest; sourceTree = BUILT_PRODUCTS_DIR; };
		84C9ED2A1306D71A0044677E /* UnitTest-Info.plist */ = {isa = PBXFileReference; lastKnownFileType = text.plist.xml; path = "UnitTest-Info.plist"; sourceTree = "<group>"; };
		84C9EE1E13081F470044677E /* CalendarHelper.h */ = {isa = PBXFileReference; fileEncoding = 4; lastKnownFileType = sourcecode.c.h; path = CalendarHelper.h; sourceTree = "<group>"; };
		84C9EE1F13081F470044677E /* CalendarHelper.m */ = {isa = PBXFileReference; fileEncoding = 4; lastKnownFileType = sourcecode.c.objc; path = CalendarHelper.m; sourceTree = "<group>"; };
		84D3A1CC130235D80001C5CA /* User.h */ = {isa = PBXFileReference; fileEncoding = 4; lastKnownFileType = sourcecode.c.h; name = User.h; path = pomodora.xcdatamodeld/User.h; sourceTree = "<group>"; };
		84D3A1CD130235D80001C5CA /* User.m */ = {isa = PBXFileReference; fileEncoding = 4; lastKnownFileType = sourcecode.c.objc; name = User.m; path = pomodora.xcdatamodeld/User.m; sourceTree = "<group>"; };
		84D3A1CE130235D80001C5CA /* Pomodoro.h */ = {isa = PBXFileReference; fileEncoding = 4; lastKnownFileType = sourcecode.c.h; path = Pomodoro.h; sourceTree = "<group>"; };
		84D3A1CF130235D80001C5CA /* Pomodoro.m */ = {isa = PBXFileReference; fileEncoding = 4; lastKnownFileType = sourcecode.c.objc; path = Pomodoro.m; sourceTree = "<group>"; };
		84D3A1D0130235D80001C5CA /* Event.h */ = {isa = PBXFileReference; fileEncoding = 4; lastKnownFileType = sourcecode.c.h; path = Event.h; sourceTree = "<group>"; };
		84D3A1D1130235D80001C5CA /* Event.m */ = {isa = PBXFileReference; fileEncoding = 4; lastKnownFileType = sourcecode.c.objc; path = Event.m; sourceTree = "<group>"; };
		84EAFDE31336774C005DF14C /* PomodorosPageView.h */ = {isa = PBXFileReference; fileEncoding = 4; lastKnownFileType = sourcecode.c.h; path = PomodorosPageView.h; sourceTree = "<group>"; };
		84EAFDE41336774D005DF14C /* PomodorosPageView.m */ = {isa = PBXFileReference; fileEncoding = 4; lastKnownFileType = sourcecode.c.objc; path = PomodorosPageView.m; sourceTree = "<group>"; };
		84EAFDE513367750005DF14C /* PomodorosPageView.xib */ = {isa = PBXFileReference; fileEncoding = 4; lastKnownFileType = file.xib; path = PomodorosPageView.xib; sourceTree = "<group>"; };
		8D1107310486CEB800E47090 /* pomodora-Info.plist */ = {isa = PBXFileReference; fileEncoding = 4; lastKnownFileType = text.plist.xml; path = "pomodora-Info.plist"; plistStructureDefinitionIdentifier = "com.apple.xcode.plist.structure-definition.iphone.info-plist"; sourceTree = "<group>"; };
/* End PBXFileReference section */

/* Begin PBXFrameworksBuildPhase section */
		1D60588F0D05DD3D006BFB54 /* Frameworks */ = {
			isa = PBXFrameworksBuildPhase;
			buildActionMask = 2147483647;
			files = (
				1D60589F0D05DD5A006BFB54 /* Foundation.framework in Frameworks */,
				1DF5F4E00D08C38300B7A737 /* UIKit.framework in Frameworks */,
				288765590DF743DE002DB57D /* CoreGraphics.framework in Frameworks */,
				2880DEA310926BF800CC57B2 /* CoreData.framework in Frameworks */,
			);
			runOnlyForDeploymentPostprocessing = 0;
		};
		84C9ED261306D71A0044677E /* Frameworks */ = {
			isa = PBXFrameworksBuildPhase;
			buildActionMask = 2147483647;
			files = (
			);
			runOnlyForDeploymentPostprocessing = 0;
		};
/* End PBXFrameworksBuildPhase section */

/* Begin PBXGroup section */
		19C28FACFE9D520D11CA2CBB /* Products */ = {
			isa = PBXGroup;
			children = (
				1D6058910D05DD3D006BFB54 /* pomodora.app */,
				84C9ED291306D71A0044677E /* UnitTest.octest */,
			);
			name = Products;
			sourceTree = "<group>";
		};
		29B97314FDCFA39411CA2CEA /* CustomTemplate */ = {
			isa = PBXGroup;
			children = (
				840EACF11311D2AA00E3A14F /* Classes */,
				29B97315FDCFA39411CA2CEA /* Other Sources */,
				29B97317FDCFA39411CA2CEA /* Resources */,
				29B97323FDCFA39411CA2CEA /* Frameworks */,
				19C28FACFE9D520D11CA2CBB /* Products */,
				84C9ED2A1306D71A0044677E /* UnitTest-Info.plist */,
			);
			name = CustomTemplate;
			sourceTree = "<group>";
		};
		29B97315FDCFA39411CA2CEA /* Other Sources */ = {
			isa = PBXGroup;
			children = (
				32CA4F630368D1EE00C91783 /* pomodora_Prefix.pch */,
				29B97316FDCFA39411CA2CEA /* main.m */,
			);
			name = "Other Sources";
			sourceTree = "<group>";
		};
		29B97317FDCFA39411CA2CEA /* Resources */ = {
			isa = PBXGroup;
			children = (
				849A4C29130A67E5001CF8D9 /* drips.png */,
				849A4C2A130A67E5001CF8D9 /* flat.png */,
				849A4C2B130A67E5001CF8D9 /* carrot.png */,
				849A4C2C130A67E5001CF8D9 /* onion.png */,
				849A4C2D130A67E5001CF8D9 /* sprout.png */,
				849A4C2E130A67E5001CF8D9 /* radish.png */,
				849A4C2F130A67E5001CF8D9 /* ucarrot.png */,
				849A4C30130A67E5001CF8D9 /* uradish.png */,
				849A4C31130A67E5001CF8D9 /* usprout.png */,
				849A4C32130A67E5001CF8D9 /* uonion.png */,
				849A4C34130A67E5001CF8D9 /* lcd.png */,
				849A4C35130A67E5001CF8D9 /* WheelCover.png */,
				286736F812F6A03300B7864A /* pomodoro.jpg */,
				8D1107310486CEB800E47090 /* pomodora-Info.plist */,
			);
			name = Resources;
			sourceTree = "<group>";
		};
		29B97323FDCFA39411CA2CEA /* Frameworks */ = {
			isa = PBXGroup;
			children = (
				1DF5F4DF0D08C38300B7A737 /* UIKit.framework */,
				1D30AB110D05D00D00671497 /* Foundation.framework */,
				288765580DF743DE002DB57D /* CoreGraphics.framework */,
				2880DEA210926BF800CC57B2 /* CoreData.framework */,
			);
			name = Frameworks;
			sourceTree = "<group>";
		};
		840EACF11311D2AA00E3A14F /* Classes */ = {
			isa = PBXGroup;
			children = (
				1D3623240D0F684500981E51 /* pomodoraAppDelegate.h */,
				1D3623250D0F684500981E51 /* pomodoraAppDelegate.m */,
				840EACF31311D2D600E3A14F /* Views */,
				840EACF21311D2BC00E3A14F /* Controllers */,
				8447A17412FE395300DCC0F2 /* Models */,
				84C9EE1D13081F2A0044677E /* Helper */,
			);
			name = Classes;
			sourceTree = "<group>";
		};
		840EACF21311D2BC00E3A14F /* Controllers */ = {
			isa = PBXGroup;
			children = (
				289233A80DB2D0DB0083E9F9 /* PomodoroViewController.h */,
				289233AC0DB2D0DB0083E9F9 /* FlipsideViewController.h */,
				289233AD0DB2D0DB0083E9F9 /* FlipsideViewController.m */,
				848E4C34132DB9DB00DE2FBE /* GoalsListTableViewController.m */,
				289233A90DB2D0DB0083E9F9 /* PomodoroViewController.m */,
				848E4C33132DB9DB00DE2FBE /* GoalsListTableViewController.h */,
				848E4C43132DDFFB00DE2FBE /* GoalAddViewController.h */,
				848E4C44132DDFFB00DE2FBE /* GoalAddViewController.m */,
				848E4C52132DEF4200DE2FBE /* GoalDetailViewController.h */,
				848E4C53132DEF4300DE2FBE /* GoalDetailViewController.m */,
				848E4C771334911500DE2FBE /* PomodoroContentController.h */,
				848E4C781334911A00DE2FBE /* PomodoroContentController.m */,
				84EAFDE31336774C005DF14C /* PomodorosPageView.h */,
				84EAFDE41336774D005DF14C /* PomodorosPageView.m */,
			);
			name = Controllers;
			sourceTree = "<group>";
		};
		840EACF31311D2D600E3A14F /* Views */ = {
			isa = PBXGroup;
			children = (
				849A4C4B130A6A20001CF8D9 /* PomodoroTimerView.h */,
				280E754A0DD40C5E005A515E /* FlipsideView.xib */,
				280E754C0DD40C5E005A515E /* MainWindow.xib */,
				848E4C54132DEF4400DE2FBE /* GoalDetailHeaderView.xib */,
				849A4C4C130A6A20001CF8D9 /* PomodoroTimerView.m */,
				848E4C45132DDFFB00DE2FBE /* GoalAddView.xib */,
				848E4C61132DF9E100DE2FBE /* GoalTableViewCell.h */,
				848E4C62132DF9E100DE2FBE /* GoalTableViewCell.m */,
				84EAFDE513367750005DF14C /* PomodorosPageView.xib */,
				848E4C7A13349A4F00DE2FBE /* PomodoroContentView.xib */,
			);
			name = Views;
			sourceTree = "<group>";
		};
		8447A17412FE395300DCC0F2 /* Models */ = {
			isa = PBXGroup;
			children = (
				84D3A1CC130235D80001C5CA /* User.h */,
				84D3A1CD130235D80001C5CA /* User.m */,
				84B23ECC13231694009916A4 /* Goal.h */,
				84B23ECD13231694009916A4 /* Goal.m */,
				84D3A1CE130235D80001C5CA /* Pomodoro.h */,
				28193032112F806B00ECF9B4 /* pomodora.xcdatamodeld */,
				84D3A1CF130235D80001C5CA /* Pomodoro.m */,
				84D3A1D0130235D80001C5CA /* Event.h */,
				84D3A1D1130235D80001C5CA /* Event.m */,
			);
			name = Models;
			sourceTree = "<group>";
		};
		84C9EE1D13081F2A0044677E /* Helper */ = {
			isa = PBXGroup;
			children = (
				84C9EE1E13081F470044677E /* CalendarHelper.h */,
				84C9EE1F13081F470044677E /* CalendarHelper.m */,
			);
			name = Helper;
			sourceTree = "<group>";
		};
/* End PBXGroup section */

/* Begin PBXNativeTarget section */
		1D6058900D05DD3D006BFB54 /* pomodora */ = {
			isa = PBXNativeTarget;
			buildConfigurationList = 1D6058960D05DD3E006BFB54 /* Build configuration list for PBXNativeTarget "pomodora" */;
			buildPhases = (
				1D60588D0D05DD3D006BFB54 /* Resources */,
				1D60588E0D05DD3D006BFB54 /* Sources */,
				1D60588F0D05DD3D006BFB54 /* Frameworks */,
			);
			buildRules = (
			);
			dependencies = (
			);
			name = pomodora;
			productName = pomodora;
			productReference = 1D6058910D05DD3D006BFB54 /* pomodora.app */;
			productType = "com.apple.product-type.application";
		};
		84C9ED281306D71A0044677E /* UnitTest */ = {
			isa = PBXNativeTarget;
			buildConfigurationList = 84C9ED2E1306D71B0044677E /* Build configuration list for PBXNativeTarget "UnitTest" */;
			buildPhases = (
				84C9ED241306D71A0044677E /* Resources */,
				84C9ED251306D71A0044677E /* Sources */,
				84C9ED261306D71A0044677E /* Frameworks */,
				84C9ED271306D71A0044677E /* ShellScript */,
			);
			buildRules = (
			);
			dependencies = (
			);
			name = UnitTest;
			productName = UnitTest;
			productReference = 84C9ED291306D71A0044677E /* UnitTest.octest */;
			productType = "com.apple.product-type.bundle";
		};
/* End PBXNativeTarget section */

/* Begin PBXProject section */
		29B97313FDCFA39411CA2CEA /* Project object */ = {
			isa = PBXProject;
			buildConfigurationList = C01FCF4E08A954540054247B /* Build configuration list for PBXProject "pomodora" */;
			compatibilityVersion = "Xcode 3.2";
			developmentRegion = English;
			hasScannedForEncodings = 1;
			knownRegions = (
				English,
				Japanese,
				French,
				German,
				en,
			);
			mainGroup = 29B97314FDCFA39411CA2CEA /* CustomTemplate */;
			projectDirPath = "";
			projectRoot = "";
			targets = (
				1D6058900D05DD3D006BFB54 /* pomodora */,
				84C9ED281306D71A0044677E /* UnitTest */,
			);
		};
/* End PBXProject section */

/* Begin PBXResourcesBuildPhase section */
		1D60588D0D05DD3D006BFB54 /* Resources */ = {
			isa = PBXResourcesBuildPhase;
			buildActionMask = 2147483647;
			files = (
				280E754D0DD40C5E005A515E /* FlipsideView.xib in Resources */,
				280E754F0DD40C5E005A515E /* MainWindow.xib in Resources */,
				286736F912F6A03300B7864A /* pomodoro.jpg in Resources */,
				849A4C36130A67E5001CF8D9 /* drips.png in Resources */,
				849A4C37130A67E5001CF8D9 /* flat.png in Resources */,
				849A4C38130A67E5001CF8D9 /* carrot.png in Resources */,
				849A4C39130A67E5001CF8D9 /* onion.png in Resources */,
				849A4C3A130A67E5001CF8D9 /* sprout.png in Resources */,
				849A4C3B130A67E5001CF8D9 /* radish.png in Resources */,
				849A4C3C130A67E5001CF8D9 /* ucarrot.png in Resources */,
				849A4C3D130A67E5001CF8D9 /* uradish.png in Resources */,
				849A4C3E130A67E5001CF8D9 /* usprout.png in Resources */,
				849A4C3F130A67E5001CF8D9 /* uonion.png in Resources */,
				849A4C41130A67E5001CF8D9 /* lcd.png in Resources */,
				849A4C42130A67E5001CF8D9 /* WheelCover.png in Resources */,
				848E4C47132DDFFC00DE2FBE /* GoalAddView.xib in Resources */,
				848E4C56132DEF4500DE2FBE /* GoalDetailHeaderView.xib in Resources */,
				848E4C7B13349A5200DE2FBE /* PomodoroContentView.xib in Resources */,
				84EAFDE713367754005DF14C /* PomodorosPageView.xib in Resources */,
			);
			runOnlyForDeploymentPostprocessing = 0;
		};
		84C9ED241306D71A0044677E /* Resources */ = {
			isa = PBXResourcesBuildPhase;
			buildActionMask = 2147483647;
			files = (
			);
			runOnlyForDeploymentPostprocessing = 0;
		};
/* End PBXResourcesBuildPhase section */

/* Begin PBXShellScriptBuildPhase section */
		84C9ED271306D71A0044677E /* ShellScript */ = {
			isa = PBXShellScriptBuildPhase;
			buildActionMask = 2147483647;
			files = (
			);
			inputPaths = (
			);
			outputPaths = (
			);
			runOnlyForDeploymentPostprocessing = 0;
			shellPath = /bin/sh;
			shellScript = "# Run the unit tests in this test bundle.\n\"${SYSTEM_DEVELOPER_DIR}/Tools/RunUnitTests\"\n";
		};
/* End PBXShellScriptBuildPhase section */

/* Begin PBXSourcesBuildPhase section */
		1D60588E0D05DD3D006BFB54 /* Sources */ = {
			isa = PBXSourcesBuildPhase;
			buildActionMask = 2147483647;
			files = (
				1D60589B0D05DD56006BFB54 /* main.m in Sources */,
				1D3623260D0F684500981E51 /* pomodoraAppDelegate.m in Sources */,
				289233AE0DB2D0DB0083E9F9 /* PomodoroViewController.m in Sources */,
				289233B00DB2D0DB0083E9F9 /* FlipsideViewController.m in Sources */,
				28193033112F806B00ECF9B4 /* pomodora.xcdatamodeld in Sources */,
				84D3A1D3130235D80001C5CA /* User.m in Sources */,
				84D3A1D4130235D80001C5CA /* Pomodoro.m in Sources */,
				84D3A1D5130235D80001C5CA /* Event.m in Sources */,
				84C9EE2013081F470044677E /* CalendarHelper.m in Sources */,
				849A4C4D130A6A20001CF8D9 /* PomodoroTimerView.m in Sources */,
				84B23ECE13231694009916A4 /* Goal.m in Sources */,
				848E4C35132DB9DB00DE2FBE /* GoalsListTableViewController.m in Sources */,
				848E4C46132DDFFC00DE2FBE /* GoalAddViewController.m in Sources */,
				848E4C55132DEF4500DE2FBE /* GoalDetailViewController.m in Sources */,
				848E4C63132DF9E100DE2FBE /* GoalTableViewCell.m in Sources */,
				848E4C791334912A00DE2FBE /* PomodoroContentController.m in Sources */,
				84EAFDE613367754005DF14C /* PomodorosPageView.m in Sources */,
			);
			runOnlyForDeploymentPostprocessing = 0;
		};
		84C9ED251306D71A0044677E /* Sources */ = {
			isa = PBXSourcesBuildPhase;
			buildActionMask = 2147483647;
			files = (
			);
			runOnlyForDeploymentPostprocessing = 0;
		};
/* End PBXSourcesBuildPhase section */

/* Begin XCBuildConfiguration section */
		1D6058940D05DD3E006BFB54 /* Debug */ = {
			isa = XCBuildConfiguration;
			buildSettings = {
				ALWAYS_SEARCH_USER_PATHS = NO;
				COPY_PHASE_STRIP = NO;
				GCC_DYNAMIC_NO_PIC = NO;
				GCC_OPTIMIZATION_LEVEL = 0;
				GCC_PRECOMPILE_PREFIX_HEADER = YES;
				GCC_PREFIX_HEADER = pomodora_Prefix.pch;
				INFOPLIST_FILE = "pomodora-Info.plist";
				IPHONEOS_DEPLOYMENT_TARGET = 4.3;
				PRODUCT_NAME = pomodora;
			};
			name = Debug;
		};
		1D6058950D05DD3E006BFB54 /* Release */ = {
			isa = XCBuildConfiguration;
			buildSettings = {
				ALWAYS_SEARCH_USER_PATHS = NO;
				COPY_PHASE_STRIP = YES;
				GCC_PRECOMPILE_PREFIX_HEADER = YES;
				GCC_PREFIX_HEADER = pomodora_Prefix.pch;
				INFOPLIST_FILE = "pomodora-Info.plist";
				IPHONEOS_DEPLOYMENT_TARGET = 4.3;
				PRODUCT_NAME = pomodora;
				VALIDATE_PRODUCT = YES;
			};
			name = Release;
		};
		84C9ED2C1306D71B0044677E /* Debug */ = {
			isa = XCBuildConfiguration;
			buildSettings = {
				ALWAYS_SEARCH_USER_PATHS = NO;
				"CODE_SIGN_IDENTITY[sdk=iphoneos*]" = "";
				COPY_PHASE_STRIP = NO;
				FRAMEWORK_SEARCH_PATHS = (
					"\"$(SDKROOT)/Developer/Library/Frameworks\"",
					"\"$(DEVELOPER_LIBRARY_DIR)/Frameworks\"",
				);
				GCC_DYNAMIC_NO_PIC = NO;
				GCC_ENABLE_FIX_AND_CONTINUE = NO;
				GCC_ENABLE_OBJC_EXCEPTIONS = YES;
				GCC_OPTIMIZATION_LEVEL = 0;
				INFOPLIST_FILE = "UnitTest-Info.plist";
				OTHER_LDFLAGS = (
					"-framework",
					Foundation,
					"-framework",
					SenTestingKit,
					"-framework",
					UIKit,
				);
				PREBINDING = NO;
				PRODUCT_NAME = UnitTest;
				SDKROOT = iphoneos;
				WRAPPER_EXTENSION = octest;
			};
			name = Debug;
		};
		84C9ED2D1306D71B0044677E /* Release */ = {
			isa = XCBuildConfiguration;
			buildSettings = {
				ALWAYS_SEARCH_USER_PATHS = NO;
				"CODE_SIGN_IDENTITY[sdk=iphoneos*]" = "";
				COPY_PHASE_STRIP = YES;
				DEBUG_INFORMATION_FORMAT = "dwarf-with-dsym";
				FRAMEWORK_SEARCH_PATHS = (
					"\"$(SDKROOT)/Developer/Library/Frameworks\"",
					"\"$(DEVELOPER_LIBRARY_DIR)/Frameworks\"",
				);
				GCC_ENABLE_FIX_AND_CONTINUE = NO;
				GCC_ENABLE_OBJC_EXCEPTIONS = YES;
				INFOPLIST_FILE = "UnitTest-Info.plist";
				OTHER_LDFLAGS = (
					"-framework",
					Foundation,
					"-framework",
					SenTestingKit,
					"-framework",
					UIKit,
				);
				PREBINDING = NO;
				PRODUCT_NAME = UnitTest;
				SDKROOT = iphoneos;
				WRAPPER_EXTENSION = octest;
				ZERO_LINK = NO;
			};
			name = Release;
		};
		C01FCF4F08A954540054247B /* Debug */ = {
			isa = XCBuildConfiguration;
			buildSettings = {
				ARCHS = "$(ARCHS_STANDARD_32_BIT)";
				"CODE_SIGN_IDENTITY[sdk=iphoneos*]" = "iPhone Developer";
				GCC_C_LANGUAGE_STANDARD = c99;
				GCC_TREAT_WARNINGS_AS_ERRORS = YES;
				GCC_VERSION = com.apple.compilers.llvm.clang.1_0;
				GCC_WARN_ABOUT_RETURN_TYPE = YES;
				GCC_WARN_UNUSED_VARIABLE = YES;
				IPHONEOS_DEPLOYMENT_TARGET = 4.2;
				PREBINDING = NO;
				SDKROOT = iphoneos;
				WARNING_CFLAGS = "-Wundeclared-selector";
			};
			name = Debug;
		};
		C01FCF5008A954540054247B /* Release */ = {
			isa = XCBuildConfiguration;
			buildSettings = {
				ARCHS = "$(ARCHS_STANDARD_32_BIT)";
				"CODE_SIGN_IDENTITY[sdk=iphoneos*]" = "iPhone Developer";
				GCC_C_LANGUAGE_STANDARD = c99;
				GCC_TREAT_WARNINGS_AS_ERRORS = YES;
				GCC_VERSION = com.apple.compilers.llvm.clang.1_0;
				GCC_WARN_ABOUT_RETURN_TYPE = YES;
				GCC_WARN_UNUSED_VARIABLE = YES;
				IPHONEOS_DEPLOYMENT_TARGET = 4.2;
				OTHER_CFLAGS = "-DNS_BLOCK_ASSERTIONS=1";
				PREBINDING = NO;
				SDKROOT = iphoneos;
				WARNING_CFLAGS = "-Wundeclared-selector";
			};
			name = Release;
		};
/* End XCBuildConfiguration section */

/* Begin XCConfigurationList section */
		1D6058960D05DD3E006BFB54 /* Build configuration list for PBXNativeTarget "pomodora" */ = {
			isa = XCConfigurationList;
			buildConfigurations = (
				1D6058940D05DD3E006BFB54 /* Debug */,
				1D6058950D05DD3E006BFB54 /* Release */,
			);
			defaultConfigurationIsVisible = 0;
			defaultConfigurationName = Release;
		};
		84C9ED2E1306D71B0044677E /* Build configuration list for PBXNativeTarget "UnitTest" */ = {
			isa = XCConfigurationList;
			buildConfigurations = (
				84C9ED2C1306D71B0044677E /* Debug */,
				84C9ED2D1306D71B0044677E /* Release */,
			);
			defaultConfigurationIsVisible = 0;
			defaultConfigurationName = Release;
		};
		C01FCF4E08A954540054247B /* Build configuration list for PBXProject "pomodora" */ = {
			isa = XCConfigurationList;
			buildConfigurations = (
				C01FCF4F08A954540054247B /* Debug */,
				C01FCF5008A954540054247B /* Release */,
			);
			defaultConfigurationIsVisible = 0;
			defaultConfigurationName = Release;
		};
/* End XCConfigurationList section */

/* Begin XCVersionGroup section */
		28193032112F806B00ECF9B4 /* pomodora.xcdatamodeld */ = {
			isa = XCVersionGroup;
			children = (
				2880DEA010926BE500CC57B2 /* pomodora.xcdatamodel */,
			);
			currentVersion = 2880DEA010926BE500CC57B2 /* pomodora.xcdatamodel */;
			path = pomodora.xcdatamodeld;
			sourceTree = "<group>";
			versionGroupType = wrapper.xcdatamodel;
		};
/* End XCVersionGroup section */
	};
	rootObject = 29B97313FDCFA39411CA2CEA /* Project object */;
}
